
Microsoft Visual Studio Solution File, Format Version 12.00
# Visual Studio Version 17
VisualStudioVersion = 17.5.002.0
MinimumVisualStudioVersion = 10.0.40219.1
Project("{9A19103F-16F7-4668-BE54-9A1E7A4F7556}") = "task3", "task3.csproj", "{B71C36D1-D385-466F-9D2F-E39C39F16772}"
EndProject
Global
	GlobalSection(SolutionConfigurationPlatforms) = preSolution
		Debug|Any CPU = Debug|Any CPU
		Release|Any CPU = Release|Any CPU
	EndGlobalSection
	GlobalSection(ProjectConfigurationPlatforms) = postSolution
		{B71C36D1-D385-466F-9D2F-E39C39F16772}.Debug|Any CPU.ActiveCfg = Debug|Any CPU
		{B71C36D1-D385-466F-9D2F-E39C39F16772}.Debug|Any CPU.Build.0 = Debug|Any CPU
		{B71C36D1-D385-466F-9D2F-E39C39F16772}.Release|Any CPU.ActiveCfg = Release|Any CPU
		{B71C36D1-D385-466F-9D2F-E39C39F16772}.Release|Any CPU.Build.0 = Release|Any CPU
	EndGlobalSection
	GlobalSection(SolutionProperties) = preSolution
		HideSolutionNode = FALSE
	EndGlobalSection
	GlobalSection(ExtensibilityGlobals) = postSolution
		SolutionGuid = {E1734B0A-F5D5-4912-A917-8E53D9CB43DC}
	EndGlobalSection
EndGlobal
