
Microsoft Visual Studio Solution File, Format Version 12.00
# Visual Studio Version 17
VisualStudioVersion = 17.5.002.0
MinimumVisualStudioVersion = 10.0.40219.1
Project("{9A19103F-16F7-4668-BE54-9A1E7A4F7556}") = "task2", "task2.csproj", "{FF651CF5-602C-4C8B-9E76-CE02A9B41BDA}"
EndProject
Global
	GlobalSection(SolutionConfigurationPlatforms) = preSolution
		Debug|Any CPU = Debug|Any CPU
		Release|Any CPU = Release|Any CPU
	EndGlobalSection
	GlobalSection(ProjectConfigurationPlatforms) = postSolution
		{FF651CF5-602C-4C8B-9E76-CE02A9B41BDA}.Debug|Any CPU.ActiveCfg = Debug|Any CPU
		{FF651CF5-602C-4C8B-9E76-CE02A9B41BDA}.Debug|Any CPU.Build.0 = Debug|Any CPU
		{FF651CF5-602C-4C8B-9E76-CE02A9B41BDA}.Release|Any CPU.ActiveCfg = Release|Any CPU
		{FF651CF5-602C-4C8B-9E76-CE02A9B41BDA}.Release|Any CPU.Build.0 = Release|Any CPU
	EndGlobalSection
	GlobalSection(SolutionProperties) = preSolution
		HideSolutionNode = FALSE
	EndGlobalSection
	GlobalSection(ExtensibilityGlobals) = postSolution
		SolutionGuid = {E0AAA278-8E3C-4E49-ACC7-FD46AEB7A195}
	EndGlobalSection
EndGlobal
